
Microsoft Visual Studio Solution File, Format Version 12.00
# Visual Studio Version 17
VisualStudioVersion = 17.7.34003.232
MinimumVisualStudioVersion = 10.0.40219.1
Project("{FAE04EC0-301F-11D3-BF4B-00C04F79EFBC}") = "scribal.Server", "Server\scribal.Server.csproj", "{DD83F4DA-AB5A-441C-9A79-5E42896F9E43}"
EndProject
Project("{FAE04EC0-301F-11D3-BF4B-00C04F79EFBC}") = "scribal.Client", "Client\scribal.Client.csproj", "{374162F4-363A-4439-ADB1-78611768094F}"
EndProject
Project("{FAE04EC0-301F-11D3-BF4B-00C04F79EFBC}") = "scribal.Shared", "Shared\scribal.Shared.csproj", "{0677FF09-43EE-4EAD-A466-3DA5FAF9309E}"
EndProject
Global
	GlobalSection(SolutionConfigurationPlatforms) = preSolution
		Debug|Any CPU = Debug|Any CPU
		Release|Any CPU = Release|Any CPU
	EndGlobalSection
	GlobalSection(ProjectConfigurationPlatforms) = postSolution
		{DD83F4DA-AB5A-441C-9A79-5E42896F9E43}.Debug|Any CPU.ActiveCfg = Debug|Any CPU
		{DD83F4DA-AB5A-441C-9A79-5E42896F9E43}.Debug|Any CPU.Build.0 = Debug|Any CPU
		{DD83F4DA-AB5A-441C-9A79-5E42896F9E43}.Release|Any CPU.ActiveCfg = Release|Any CPU
		{DD83F4DA-AB5A-441C-9A79-5E42896F9E43}.Release|Any CPU.Build.0 = Release|Any CPU
		{374162F4-363A-4439-ADB1-78611768094F}.Debug|Any CPU.ActiveCfg = Debug|Any CPU
		{374162F4-363A-4439-ADB1-78611768094F}.Debug|Any CPU.Build.0 = Debug|Any CPU
		{374162F4-363A-4439-ADB1-78611768094F}.Release|Any CPU.ActiveCfg = Release|Any CPU
		{374162F4-363A-4439-ADB1-78611768094F}.Release|Any CPU.Build.0 = Release|Any CPU
		{0677FF09-43EE-4EAD-A466-3DA5FAF9309E}.Debug|Any CPU.ActiveCfg = Debug|Any CPU
		{0677FF09-43EE-4EAD-A466-3DA5FAF9309E}.Debug|Any CPU.Build.0 = Debug|Any CPU
		{0677FF09-43EE-4EAD-A466-3DA5FAF9309E}.Release|Any CPU.ActiveCfg = Release|Any CPU
		{0677FF09-43EE-4EAD-A466-3DA5FAF9309E}.Release|Any CPU.Build.0 = Release|Any CPU
	EndGlobalSection
	GlobalSection(SolutionProperties) = preSolution
		HideSolutionNode = FALSE
	EndGlobalSection
	GlobalSection(ExtensibilityGlobals) = postSolution
		SolutionGuid = {1F0E5E8A-81D7-4889-A2BA-0D721EBEF005}
	EndGlobalSection
EndGlobal
